
Microsoft Visual Studio Solution File, Format Version 12.00
# Visual Studio Version 17
VisualStudioVersion = 17.3.32901.215
MinimumVisualStudioVersion = 10.0.40219.1
Project("{9A19103F-16F7-4668-BE54-9A1E7A4F7556}") = "ComprasDotnet6.API", "ComprasDotnet6.API\ComprasDotnet6.API.csproj", "{7326508B-6882-43AE-AE5B-A95B7C6BB677}"
EndProject
Project("{9A19103F-16F7-4668-BE54-9A1E7A4F7556}") = "ComprasDotnet6.Application", "ComprasDotnet6.Application\ComprasDotnet6.Application.csproj", "{40A427A5-30BC-4A42-92C2-6181F800A18C}"
EndProject
Project("{9A19103F-16F7-4668-BE54-9A1E7A4F7556}") = "ComprasDotnet6.Domain", "ComprasDotnet6.Domain\ComprasDotnet6.Domain.csproj", "{2650F960-BAEE-4926-B59D-6C59793A13F4}"
EndProject
Project("{9A19103F-16F7-4668-BE54-9A1E7A4F7556}") = "ComprasDotnet6.Infra", "ComprasDotnet6.Infra\ComprasDotnet6.Infra.csproj", "{1820ECCE-D14A-4AAD-B66F-4619D901C669}"
EndProject
Project("{9A19103F-16F7-4668-BE54-9A1E7A4F7556}") = "ComprasDotnet6.IoC", "ComprasDotnet6.IoC\ComprasDotnet6.IoC.csproj", "{7A7E926B-7ED6-4D4A-86AC-BD8830616EFD}"
EndProject
Global
	GlobalSection(SolutionConfigurationPlatforms) = preSolution
		Debug|Any CPU = Debug|Any CPU
		Release|Any CPU = Release|Any CPU
	EndGlobalSection
	GlobalSection(ProjectConfigurationPlatforms) = postSolution
		{7326508B-6882-43AE-AE5B-A95B7C6BB677}.Debug|Any CPU.ActiveCfg = Debug|Any CPU
		{7326508B-6882-43AE-AE5B-A95B7C6BB677}.Debug|Any CPU.Build.0 = Debug|Any CPU
		{7326508B-6882-43AE-AE5B-A95B7C6BB677}.Release|Any CPU.ActiveCfg = Release|Any CPU
		{7326508B-6882-43AE-AE5B-A95B7C6BB677}.Release|Any CPU.Build.0 = Release|Any CPU
		{40A427A5-30BC-4A42-92C2-6181F800A18C}.Debug|Any CPU.ActiveCfg = Debug|Any CPU
		{40A427A5-30BC-4A42-92C2-6181F800A18C}.Debug|Any CPU.Build.0 = Debug|Any CPU
		{40A427A5-30BC-4A42-92C2-6181F800A18C}.Release|Any CPU.ActiveCfg = Release|Any CPU
		{40A427A5-30BC-4A42-92C2-6181F800A18C}.Release|Any CPU.Build.0 = Release|Any CPU
		{2650F960-BAEE-4926-B59D-6C59793A13F4}.Debug|Any CPU.ActiveCfg = Debug|Any CPU
		{2650F960-BAEE-4926-B59D-6C59793A13F4}.Debug|Any CPU.Build.0 = Debug|Any CPU
		{2650F960-BAEE-4926-B59D-6C59793A13F4}.Release|Any CPU.ActiveCfg = Release|Any CPU
		{2650F960-BAEE-4926-B59D-6C59793A13F4}.Release|Any CPU.Build.0 = Release|Any CPU
		{1820ECCE-D14A-4AAD-B66F-4619D901C669}.Debug|Any CPU.ActiveCfg = Debug|Any CPU
		{1820ECCE-D14A-4AAD-B66F-4619D901C669}.Debug|Any CPU.Build.0 = Debug|Any CPU
		{1820ECCE-D14A-4AAD-B66F-4619D901C669}.Release|Any CPU.ActiveCfg = Release|Any CPU
		{1820ECCE-D14A-4AAD-B66F-4619D901C669}.Release|Any CPU.Build.0 = Release|Any CPU
		{7A7E926B-7ED6-4D4A-86AC-BD8830616EFD}.Debug|Any CPU.ActiveCfg = Debug|Any CPU
		{7A7E926B-7ED6-4D4A-86AC-BD8830616EFD}.Debug|Any CPU.Build.0 = Debug|Any CPU
		{7A7E926B-7ED6-4D4A-86AC-BD8830616EFD}.Release|Any CPU.ActiveCfg = Release|Any CPU
		{7A7E926B-7ED6-4D4A-86AC-BD8830616EFD}.Release|Any CPU.Build.0 = Release|Any CPU
	EndGlobalSection
	GlobalSection(SolutionProperties) = preSolution
		HideSolutionNode = FALSE
	EndGlobalSection
	GlobalSection(ExtensibilityGlobals) = postSolution
		SolutionGuid = {C83D90F3-96D5-4735-BF08-7A7CC9C6DC0B}
	EndGlobalSection
EndGlobal
